
Microsoft Visual Studio Solution File, Format Version 12.00
# Visual Studio Version 17
VisualStudioVersion = 17.14.36310.24
MinimumVisualStudioVersion = 10.0.40219.1
Project("{FAE04EC0-301F-11D3-BF4B-00C04F79EFBC}") = "AMBA_PRELIM_LAB2", "AMBA_PRELIM_LAB2.csproj", "{4A45B062-FB51-4DB3-AF43-9CE9B7041552}"
EndProject
Global
	GlobalSection(SolutionConfigurationPlatforms) = preSolution
		Debug|Any CPU = Debug|Any CPU
		Release|Any CPU = Release|Any CPU
	EndGlobalSection
	GlobalSection(ProjectConfigurationPlatforms) = postSolution
		{4A45B062-FB51-4DB3-AF43-9CE9B7041552}.Debug|Any CPU.ActiveCfg = Debug|Any CPU
		{4A45B062-FB51-4DB3-AF43-9CE9B7041552}.Debug|Any CPU.Build.0 = Debug|Any CPU
		{4A45B062-FB51-4DB3-AF43-9CE9B7041552}.Release|Any CPU.ActiveCfg = Release|Any CPU
		{4A45B062-FB51-4DB3-AF43-9CE9B7041552}.Release|Any CPU.Build.0 = Release|Any CPU
	EndGlobalSection
	GlobalSection(SolutionProperties) = preSolution
		HideSolutionNode = FALSE
	EndGlobalSection
	GlobalSection(ExtensibilityGlobals) = postSolution
		SolutionGuid = {9850B627-2032-48D5-851C-6924B964FEA9}
	EndGlobalSection
EndGlobal
